
Microsoft Visual Studio Solution File, Format Version 12.00
# Visual Studio 14
VisualStudioVersion = 14.0.25420.1
MinimumVisualStudioVersion = 10.0.40219.1
Project("{FAE04EC0-301F-11D3-BF4B-00C04F79EFBC}") = "Redis_JohnCena", "Redis_JohnCena\Redis_JohnCena.csproj", "{61C21B5E-AC0A-4B83-968C-9E55A7EC2553}"
EndProject
Project("{FAE04EC0-301F-11D3-BF4B-00C04F79EFBC}") = "Redis_JohnCena.Core", "Redis_JohnCena.Core\Redis_JohnCena.Core.csproj", "{B40E70F2-C866-4066-8348-7BD0A7A2F019}"
EndProject
Project("{FAE04EC0-301F-11D3-BF4B-00C04F79EFBC}") = "Redis_JohnCena.Adapter", "Redis_JohnCena.Adapter\Redis_JohnCena.Adapter.csproj", "{15249E57-63CA-4ADC-B05E-E3CF28C03717}"
EndProject
Project("{FAE04EC0-301F-11D3-BF4B-00C04F79EFBC}") = "RedisLibrary", "RedisLibrary\RedisLibrary.csproj", "{FAF04E00-F252-414F-B5F0-CF692672492C}"
EndProject
Project("{FAE04EC0-301F-11D3-BF4B-00C04F79EFBC}") = "Redis_JohnCena.DataCollector", "Redis_JohnCena.DataCollector\Redis_JohnCena.DataCollector.csproj", "{50C2D664-D7FB-4E6B-AC84-FBEBC8CE7547}"
EndProject
Global
	GlobalSection(SolutionConfigurationPlatforms) = preSolution
		Debug|Any CPU = Debug|Any CPU
		Release|Any CPU = Release|Any CPU
	EndGlobalSection
	GlobalSection(ProjectConfigurationPlatforms) = postSolution
		{61C21B5E-AC0A-4B83-968C-9E55A7EC2553}.Debug|Any CPU.ActiveCfg = Debug|Any CPU
		{61C21B5E-AC0A-4B83-968C-9E55A7EC2553}.Debug|Any CPU.Build.0 = Debug|Any CPU
		{61C21B5E-AC0A-4B83-968C-9E55A7EC2553}.Release|Any CPU.ActiveCfg = Release|Any CPU
		{61C21B5E-AC0A-4B83-968C-9E55A7EC2553}.Release|Any CPU.Build.0 = Release|Any CPU
		{B40E70F2-C866-4066-8348-7BD0A7A2F019}.Debug|Any CPU.ActiveCfg = Debug|Any CPU
		{B40E70F2-C866-4066-8348-7BD0A7A2F019}.Debug|Any CPU.Build.0 = Debug|Any CPU
		{B40E70F2-C866-4066-8348-7BD0A7A2F019}.Release|Any CPU.ActiveCfg = Release|Any CPU
		{B40E70F2-C866-4066-8348-7BD0A7A2F019}.Release|Any CPU.Build.0 = Release|Any CPU
		{15249E57-63CA-4ADC-B05E-E3CF28C03717}.Debug|Any CPU.ActiveCfg = Debug|Any CPU
		{15249E57-63CA-4ADC-B05E-E3CF28C03717}.Debug|Any CPU.Build.0 = Debug|Any CPU
		{15249E57-63CA-4ADC-B05E-E3CF28C03717}.Release|Any CPU.ActiveCfg = Release|Any CPU
		{15249E57-63CA-4ADC-B05E-E3CF28C03717}.Release|Any CPU.Build.0 = Release|Any CPU
		{FAF04E00-F252-414F-B5F0-CF692672492C}.Debug|Any CPU.ActiveCfg = Debug|Any CPU
		{FAF04E00-F252-414F-B5F0-CF692672492C}.Debug|Any CPU.Build.0 = Debug|Any CPU
		{FAF04E00-F252-414F-B5F0-CF692672492C}.Release|Any CPU.ActiveCfg = Release|Any CPU
		{FAF04E00-F252-414F-B5F0-CF692672492C}.Release|Any CPU.Build.0 = Release|Any CPU
		{50C2D664-D7FB-4E6B-AC84-FBEBC8CE7547}.Debug|Any CPU.ActiveCfg = Debug|Any CPU
		{50C2D664-D7FB-4E6B-AC84-FBEBC8CE7547}.Debug|Any CPU.Build.0 = Debug|Any CPU
		{50C2D664-D7FB-4E6B-AC84-FBEBC8CE7547}.Release|Any CPU.ActiveCfg = Release|Any CPU
		{50C2D664-D7FB-4E6B-AC84-FBEBC8CE7547}.Release|Any CPU.Build.0 = Release|Any CPU
	EndGlobalSection
	GlobalSection(SolutionProperties) = preSolution
		HideSolutionNode = FALSE
	EndGlobalSection
EndGlobal
